// !$*UTF8*$!
{
	archiveVersion = 1;
	classes = {
	};
	objectVersion = 46;
	objects = {

/* Begin PBXBuildFile section */
		161585311E5BE7F7001D527D /* GoogleService-Info.plist in Resources */ = {isa = PBXBuildFile; fileRef = 161585301E5BE7F7001D527D /* GoogleService-Info.plist */; };
		16258CE91E5BD20F001E60E0 /* AppDelegate.swift in Sources */ = {isa = PBXBuildFile; fileRef = 16258CE81E5BD20F001E60E0 /* AppDelegate.swift */; };
		16258CEE1E5BD20F001E60E0 /* Main.storyboard in Resources */ = {isa = PBXBuildFile; fileRef = 16258CEC1E5BD20F001E60E0 /* Main.storyboard */; };
		16258CF01E5BD20F001E60E0 /* Assets.xcassets in Resources */ = {isa = PBXBuildFile; fileRef = 16258CEF1E5BD20F001E60E0 /* Assets.xcassets */; };
		16258CF31E5BD20F001E60E0 /* LaunchScreen.storyboard in Resources */ = {isa = PBXBuildFile; fileRef = 16258CF11E5BD20F001E60E0 /* LaunchScreen.storyboard */; };
		16258CFE1E5BD20F001E60E0 /* MDBSocialTests.swift in Sources */ = {isa = PBXBuildFile; fileRef = 16258CFD1E5BD20F001E60E0 /* MDBSocialTests.swift */; };
		16258D091E5BD20F001E60E0 /* MDBSocialUITests.swift in Sources */ = {isa = PBXBuildFile; fileRef = 16258D081E5BD20F001E60E0 /* MDBSocialUITests.swift */; };
		168A75791E62281B0047D6D1 /* Constants.swift in Sources */ = {isa = PBXBuildFile; fileRef = 168A75781E62281B0047D6D1 /* Constants.swift */; };
		168A75801E62288F0047D6D1 /* DetailViewController.swift in Sources */ = {isa = PBXBuildFile; fileRef = 168A757A1E62288E0047D6D1 /* DetailViewController.swift */; };
		168A75811E62288F0047D6D1 /* FeedViewController.swift in Sources */ = {isa = PBXBuildFile; fileRef = 168A757B1E62288E0047D6D1 /* FeedViewController.swift */; };
		168A75821E62288F0047D6D1 /* NewSocialViewController.swift in Sources */ = {isa = PBXBuildFile; fileRef = 168A757C1E62288E0047D6D1 /* NewSocialViewController.swift */; };
		168A75831E62288F0047D6D1 /* Date.swift in Sources */ = {isa = PBXBuildFile; fileRef = 168A757D1E62288E0047D6D1 /* Date.swift */; };
		168A75841E62288F0047D6D1 /* Post.swift in Sources */ = {isa = PBXBuildFile; fileRef = 168A757E1E62288F0047D6D1 /* Post.swift */; };
		168A75851E62288F0047D6D1 /* User.swift in Sources */ = {isa = PBXBuildFile; fileRef = 168A757F1E62288F0047D6D1 /* User.swift */; };
		168A758B1E622E130047D6D1 /* PostCollectionViewCell.swift in Sources */ = {isa = PBXBuildFile; fileRef = 168A758A1E622E130047D6D1 /* PostCollectionViewCell.swift */; };
		168D3AE71E5D6F13000DE39A /* SignUpViewController.swift in Sources */ = {isa = PBXBuildFile; fileRef = 168D3AE61E5D6F13000DE39A /* SignUpViewController.swift */; };
		169FDDEC1E5BEDB60026592D /* LoginViewController.swift in Sources */ = {isa = PBXBuildFile; fileRef = 169FDDEB1E5BEDB60026592D /* LoginViewController.swift */; };
		18E90BF21B5A507E25A8B330 /* Pods_MDBSocialUITests.framework in Frameworks */ = {isa = PBXBuildFile; fileRef = 7ABB70B418D3BE3A7DB35018 /* Pods_MDBSocialUITests.framework */; };
		798199FE7DF15116ABE3C641 /* Pods_MDBSocialTests.framework in Frameworks */ = {isa = PBXBuildFile; fileRef = D2CD5B18ABC8218708746E82 /* Pods_MDBSocialTests.framework */; };
		EDF8AB4C3B929352004CC9DA /* Pods_MDBSocial.framework in Frameworks */ = {isa = PBXBuildFile; fileRef = 19658BA71F720C010AD66E98 /* Pods_MDBSocial.framework */; };
/* End PBXBuildFile section */

/* Begin PBXContainerItemProxy section */
		16258CFA1E5BD20F001E60E0 /* PBXContainerItemProxy */ = {
			isa = PBXContainerItemProxy;
			containerPortal = 16258CDD1E5BD20E001E60E0 /* Project object */;
			proxyType = 1;
			remoteGlobalIDString = 16258CE41E5BD20E001E60E0;
			remoteInfo = MDBSocial;
		};
		16258D051E5BD20F001E60E0 /* PBXContainerItemProxy */ = {
			isa = PBXContainerItemProxy;
			containerPortal = 16258CDD1E5BD20E001E60E0 /* Project object */;
			proxyType = 1;
			remoteGlobalIDString = 16258CE41E5BD20E001E60E0;
			remoteInfo = MDBSocial;
		};
/* End PBXContainerItemProxy section */

/* Begin PBXFileReference section */
		098E363165BFAC9A5DEBA5A6 /* Pods-MDBSocial.debug.xcconfig */ = {isa = PBXFileReference; includeInIndex = 1; lastKnownFileType = text.xcconfig; name = "Pods-MDBSocial.debug.xcconfig"; path = "Pods/Target Support Files/Pods-MDBSocial/Pods-MDBSocial.debug.xcconfig"; sourceTree = "<group>"; };
		161585301E5BE7F7001D527D /* GoogleService-Info.plist */ = {isa = PBXFileReference; fileEncoding = 4; lastKnownFileType = text.plist.xml; path = "GoogleService-Info.plist"; sourceTree = "<group>"; };
		16258CE51E5BD20F001E60E0 /* MDBSocial.app */ = {isa = PBXFileReference; explicitFileType = wrapper.application; includeInIndex = 0; path = MDBSocial.app; sourceTree = BUILT_PRODUCTS_DIR; };
		16258CE81E5BD20F001E60E0 /* AppDelegate.swift */ = {isa = PBXFileReference; lastKnownFileType = sourcecode.swift; path = AppDelegate.swift; sourceTree = "<group>"; };
		16258CED1E5BD20F001E60E0 /* Base */ = {isa = PBXFileReference; lastKnownFileType = file.storyboard; name = Base; path = Base.lproj/Main.storyboard; sourceTree = "<group>"; };
		16258CEF1E5BD20F001E60E0 /* Assets.xcassets */ = {isa = PBXFileReference; lastKnownFileType = folder.assetcatalog; path = Assets.xcassets; sourceTree = "<group>"; };
		16258CF21E5BD20F001E60E0 /* Base */ = {isa = PBXFileReference; lastKnownFileType = file.storyboard; name = Base; path = Base.lproj/LaunchScreen.storyboard; sourceTree = "<group>"; };
		16258CF41E5BD20F001E60E0 /* Info.plist */ = {isa = PBXFileReference; lastKnownFileType = text.plist.xml; path = Info.plist; sourceTree = "<group>"; };
		16258CF91E5BD20F001E60E0 /* MDBSocialTests.xctest */ = {isa = PBXFileReference; explicitFileType = wrapper.cfbundle; includeInIndex = 0; path = MDBSocialTests.xctest; sourceTree = BUILT_PRODUCTS_DIR; };
		16258CFD1E5BD20F001E60E0 /* MDBSocialTests.swift */ = {isa = PBXFileReference; lastKnownFileType = sourcecode.swift; path = MDBSocialTests.swift; sourceTree = "<group>"; };
		16258CFF1E5BD20F001E60E0 /* Info.plist */ = {isa = PBXFileReference; lastKnownFileType = text.plist.xml; path = Info.plist; sourceTree = "<group>"; };
		16258D041E5BD20F001E60E0 /* MDBSocialUITests.xctest */ = {isa = PBXFileReference; explicitFileType = wrapper.cfbundle; includeInIndex = 0; path = MDBSocialUITests.xctest; sourceTree = BUILT_PRODUCTS_DIR; };
		16258D081E5BD20F001E60E0 /* MDBSocialUITests.swift */ = {isa = PBXFileReference; lastKnownFileType = sourcecode.swift; path = MDBSocialUITests.swift; sourceTree = "<group>"; };
		16258D0A1E5BD20F001E60E0 /* Info.plist */ = {isa = PBXFileReference; lastKnownFileType = text.plist.xml; path = Info.plist; sourceTree = "<group>"; };
		168A75781E62281B0047D6D1 /* Constants.swift */ = {isa = PBXFileReference; fileEncoding = 4; lastKnownFileType = sourcecode.swift; path = Constants.swift; sourceTree = "<group>"; };
		168A757A1E62288E0047D6D1 /* DetailViewController.swift */ = {isa = PBXFileReference; fileEncoding = 4; lastKnownFileType = sourcecode.swift; name = DetailViewController.swift; path = Controller/DetailViewController.swift; sourceTree = "<group>"; };
		168A757B1E62288E0047D6D1 /* FeedViewController.swift */ = {isa = PBXFileReference; fileEncoding = 4; lastKnownFileType = sourcecode.swift; name = FeedViewController.swift; path = Controller/FeedViewController.swift; sourceTree = "<group>"; };
		168A757C1E62288E0047D6D1 /* NewSocialViewController.swift */ = {isa = PBXFileReference; fileEncoding = 4; lastKnownFileType = sourcecode.swift; name = NewSocialViewController.swift; path = Controller/NewSocialViewController.swift; sourceTree = "<group>"; };
		168A757D1E62288E0047D6D1 /* Date.swift */ = {isa = PBXFileReference; fileEncoding = 4; lastKnownFileType = sourcecode.swift; name = Date.swift; path = Model/Date.swift; sourceTree = "<group>"; };
		168A757E1E62288F0047D6D1 /* Post.swift */ = {isa = PBXFileReference; fileEncoding = 4; lastKnownFileType = sourcecode.swift; name = Post.swift; path = Model/Post.swift; sourceTree = "<group>"; };
		168A757F1E62288F0047D6D1 /* User.swift */ = {isa = PBXFileReference; fileEncoding = 4; lastKnownFileType = sourcecode.swift; name = User.swift; path = Model/User.swift; sourceTree = "<group>"; };
		168A758A1E622E130047D6D1 /* PostCollectionViewCell.swift */ = {isa = PBXFileReference; fileEncoding = 4; lastKnownFileType = sourcecode.swift; path = PostCollectionViewCell.swift; sourceTree = "<group>"; };
		168D3AE61E5D6F13000DE39A /* SignUpViewController.swift */ = {isa = PBXFileReference; fileEncoding = 4; lastKnownFileType = sourcecode.swift; path = SignUpViewController.swift; sourceTree = "<group>"; };
		169FDDEB1E5BEDB60026592D /* LoginViewController.swift */ = {isa = PBXFileReference; fileEncoding = 4; lastKnownFileType = sourcecode.swift; path = LoginViewController.swift; sourceTree = "<group>"; };
		19658BA71F720C010AD66E98 /* Pods_MDBSocial.framework */ = {isa = PBXFileReference; explicitFileType = wrapper.framework; includeInIndex = 0; path = Pods_MDBSocial.framework; sourceTree = BUILT_PRODUCTS_DIR; };
		5D70A9689A352BC0F3D43FD7 /* Pods-MDBSocialTests.debug.xcconfig */ = {isa = PBXFileReference; includeInIndex = 1; lastKnownFileType = text.xcconfig; name = "Pods-MDBSocialTests.debug.xcconfig"; path = "Pods/Target Support Files/Pods-MDBSocialTests/Pods-MDBSocialTests.debug.xcconfig"; sourceTree = "<group>"; };
		7ABB70B418D3BE3A7DB35018 /* Pods_MDBSocialUITests.framework */ = {isa = PBXFileReference; explicitFileType = wrapper.framework; includeInIndex = 0; path = Pods_MDBSocialUITests.framework; sourceTree = BUILT_PRODUCTS_DIR; };
		83C4F604A5A1600A1CE6A963 /* Pods-MDBSocialUITests.debug.xcconfig */ = {isa = PBXFileReference; includeInIndex = 1; lastKnownFileType = text.xcconfig; name = "Pods-MDBSocialUITests.debug.xcconfig"; path = "Pods/Target Support Files/Pods-MDBSocialUITests/Pods-MDBSocialUITests.debug.xcconfig"; sourceTree = "<group>"; };
		945059512106E9C387471566 /* Pods-MDBSocialUITests.release.xcconfig */ = {isa = PBXFileReference; includeInIndex = 1; lastKnownFileType = text.xcconfig; name = "Pods-MDBSocialUITests.release.xcconfig"; path = "Pods/Target Support Files/Pods-MDBSocialUITests/Pods-MDBSocialUITests.release.xcconfig"; sourceTree = "<group>"; };
		C4BE5FE01E3133A084C1B912 /* Pods-MDBSocialTests.release.xcconfig */ = {isa = PBXFileReference; includeInIndex = 1; lastKnownFileType = text.xcconfig; name = "Pods-MDBSocialTests.release.xcconfig"; path = "Pods/Target Support Files/Pods-MDBSocialTests/Pods-MDBSocialTests.release.xcconfig"; sourceTree = "<group>"; };
		D2CD5B18ABC8218708746E82 /* Pods_MDBSocialTests.framework */ = {isa = PBXFileReference; explicitFileType = wrapper.framework; includeInIndex = 0; path = Pods_MDBSocialTests.framework; sourceTree = BUILT_PRODUCTS_DIR; };
		E6F5C3C2C81EF15741BF6088 /* Pods-MDBSocial.release.xcconfig */ = {isa = PBXFileReference; includeInIndex = 1; lastKnownFileType = text.xcconfig; name = "Pods-MDBSocial.release.xcconfig"; path = "Pods/Target Support Files/Pods-MDBSocial/Pods-MDBSocial.release.xcconfig"; sourceTree = "<group>"; };
/* End PBXFileReference section */

/* Begin PBXFrameworksBuildPhase section */
		16258CE21E5BD20E001E60E0 /* Frameworks */ = {
			isa = PBXFrameworksBuildPhase;
			buildActionMask = 2147483647;
			files = (
				EDF8AB4C3B929352004CC9DA /* Pods_MDBSocial.framework in Frameworks */,
			);
			runOnlyForDeploymentPostprocessing = 0;
		};
		16258CF61E5BD20F001E60E0 /* Frameworks */ = {
			isa = PBXFrameworksBuildPhase;
			buildActionMask = 2147483647;
			files = (
				798199FE7DF15116ABE3C641 /* Pods_MDBSocialTests.framework in Frameworks */,
			);
			runOnlyForDeploymentPostprocessing = 0;
		};
		16258D011E5BD20F001E60E0 /* Frameworks */ = {
			isa = PBXFrameworksBuildPhase;
			buildActionMask = 2147483647;
			files = (
				18E90BF21B5A507E25A8B330 /* Pods_MDBSocialUITests.framework in Frameworks */,
			);
			runOnlyForDeploymentPostprocessing = 0;
		};
/* End PBXFrameworksBuildPhase section */

/* Begin PBXGroup section */
		16258CDC1E5BD20E001E60E0 = {
			isa = PBXGroup;
			children = (
				16258CE71E5BD20F001E60E0 /* MDBSocial */,
				16258CFC1E5BD20F001E60E0 /* MDBSocialTests */,
				16258D071E5BD20F001E60E0 /* MDBSocialUITests */,
				16258CE61E5BD20F001E60E0 /* Products */,
				E073D44E2348025B04F23751 /* Pods */,
				87505F63C2B49B64BBC0A650 /* Frameworks */,
			);
			sourceTree = "<group>";
		};
		16258CE61E5BD20F001E60E0 /* Products */ = {
			isa = PBXGroup;
			children = (
				16258CE51E5BD20F001E60E0 /* MDBSocial.app */,
				16258CF91E5BD20F001E60E0 /* MDBSocialTests.xctest */,
				16258D041E5BD20F001E60E0 /* MDBSocialUITests.xctest */,
			);
			name = Products;
			sourceTree = "<group>";
		};
		16258CE71E5BD20F001E60E0 /* MDBSocial */ = {
			isa = PBXGroup;
			children = (
				16258CE81E5BD20F001E60E0 /* AppDelegate.swift */,
				161585301E5BE7F7001D527D /* GoogleService-Info.plist */,
				16258CF41E5BD20F001E60E0 /* Info.plist */,
				16258CEC1E5BD20F001E60E0 /* Main.storyboard */,
				16258CF11E5BD20F001E60E0 /* LaunchScreen.storyboard */,
				16258CEF1E5BD20F001E60E0 /* Assets.xcassets */,
				168A75781E62281B0047D6D1 /* Constants.swift */,
				168A758C1E623BEA0047D6D1 /* View */,
				168A75871E6228B90047D6D1 /* Controller */,
				168A75891E6228D90047D6D1 /* Model */,
			);
			path = MDBSocial;
			sourceTree = "<group>";
		};
		16258CFC1E5BD20F001E60E0 /* MDBSocialTests */ = {
			isa = PBXGroup;
			children = (
				16258CFD1E5BD20F001E60E0 /* MDBSocialTests.swift */,
				16258CFF1E5BD20F001E60E0 /* Info.plist */,
			);
			path = MDBSocialTests;
			sourceTree = "<group>";
		};
		16258D071E5BD20F001E60E0 /* MDBSocialUITests */ = {
			isa = PBXGroup;
			children = (
				16258D081E5BD20F001E60E0 /* MDBSocialUITests.swift */,
				16258D0A1E5BD20F001E60E0 /* Info.plist */,
			);
			path = MDBSocialUITests;
			sourceTree = "<group>";
		};
		168A75871E6228B90047D6D1 /* Controller */ = {
			isa = PBXGroup;
			children = (
				169FDDEB1E5BEDB60026592D /* LoginViewController.swift */,
				168D3AE61E5D6F13000DE39A /* SignUpViewController.swift */,
				168A757A1E62288E0047D6D1 /* DetailViewController.swift */,
				168A757B1E62288E0047D6D1 /* FeedViewController.swift */,
				168A757C1E62288E0047D6D1 /* NewSocialViewController.swift */,
			);
			name = Controller;
			sourceTree = "<group>";
		};
		168A75891E6228D90047D6D1 /* Model */ = {
			isa = PBXGroup;
			children = (
				168A757D1E62288E0047D6D1 /* Date.swift */,
				168A757E1E62288F0047D6D1 /* Post.swift */,
				168A757F1E62288F0047D6D1 /* User.swift */,
			);
			name = Model;
			sourceTree = "<group>";
		};
		168A758C1E623BEA0047D6D1 /* View */ = {
			isa = PBXGroup;
			children = (
				168A758A1E622E130047D6D1 /* PostCollectionViewCell.swift */,
			);
			name = View;
			sourceTree = "<group>";
		};
		87505F63C2B49B64BBC0A650 /* Frameworks */ = {
			isa = PBXGroup;
			children = (
				19658BA71F720C010AD66E98 /* Pods_MDBSocial.framework */,
				D2CD5B18ABC8218708746E82 /* Pods_MDBSocialTests.framework */,
				7ABB70B418D3BE3A7DB35018 /* Pods_MDBSocialUITests.framework */,
			);
			name = Frameworks;
			sourceTree = "<group>";
		};
		E073D44E2348025B04F23751 /* Pods */ = {
			isa = PBXGroup;
			children = (
				098E363165BFAC9A5DEBA5A6 /* Pods-MDBSocial.debug.xcconfig */,
				E6F5C3C2C81EF15741BF6088 /* Pods-MDBSocial.release.xcconfig */,
				5D70A9689A352BC0F3D43FD7 /* Pods-MDBSocialTests.debug.xcconfig */,
				C4BE5FE01E3133A084C1B912 /* Pods-MDBSocialTests.release.xcconfig */,
				83C4F604A5A1600A1CE6A963 /* Pods-MDBSocialUITests.debug.xcconfig */,
				945059512106E9C387471566 /* Pods-MDBSocialUITests.release.xcconfig */,
			);
			name = Pods;
			sourceTree = "<group>";
		};
/* End PBXGroup section */

/* Begin PBXNativeTarget section */
		16258CE41E5BD20E001E60E0 /* MDBSocial */ = {
			isa = PBXNativeTarget;
			buildConfigurationList = 16258D0D1E5BD20F001E60E0 /* Build configuration list for PBXNativeTarget "MDBSocial" */;
			buildPhases = (
				9E84303B75DF326E08E6D2C4 /* [CP] Check Pods Manifest.lock */,
				16258CE11E5BD20E001E60E0 /* Sources */,
				16258CE21E5BD20E001E60E0 /* Frameworks */,
				16258CE31E5BD20E001E60E0 /* Resources */,
				0F91CF787BF1D6036E8E9EBB /* [CP] Embed Pods Frameworks */,
				B8475E836AB9A792BC86B353 /* [CP] Copy Pods Resources */,
			);
			buildRules = (
			);
			dependencies = (
			);
			name = MDBSocial;
			productName = MDBSocial;
			productReference = 16258CE51E5BD20F001E60E0 /* MDBSocial.app */;
			productType = "com.apple.product-type.application";
		};
		16258CF81E5BD20F001E60E0 /* MDBSocialTests */ = {
			isa = PBXNativeTarget;
			buildConfigurationList = 16258D101E5BD20F001E60E0 /* Build configuration list for PBXNativeTarget "MDBSocialTests" */;
			buildPhases = (
				7F42609F24971B2B9EA70CCF /* [CP] Check Pods Manifest.lock */,
				16258CF51E5BD20F001E60E0 /* Sources */,
				16258CF61E5BD20F001E60E0 /* Frameworks */,
				16258CF71E5BD20F001E60E0 /* Resources */,
				83BD1F75524C37656395BC46 /* [CP] Embed Pods Frameworks */,
				AD13852D6890C065AA364457 /* [CP] Copy Pods Resources */,
			);
			buildRules = (
			);
			dependencies = (
				16258CFB1E5BD20F001E60E0 /* PBXTargetDependency */,
			);
			name = MDBSocialTests;
			productName = MDBSocialTests;
			productReference = 16258CF91E5BD20F001E60E0 /* MDBSocialTests.xctest */;
			productType = "com.apple.product-type.bundle.unit-test";
		};
		16258D031E5BD20F001E60E0 /* MDBSocialUITests */ = {
			isa = PBXNativeTarget;
			buildConfigurationList = 16258D131E5BD20F001E60E0 /* Build configuration list for PBXNativeTarget "MDBSocialUITests" */;
			buildPhases = (
				C5CA8B5CD14F8EA54A2EB636 /* [CP] Check Pods Manifest.lock */,
				16258D001E5BD20F001E60E0 /* Sources */,
				16258D011E5BD20F001E60E0 /* Frameworks */,
				16258D021E5BD20F001E60E0 /* Resources */,
				B942E9730F237BDE2F81A2BF /* [CP] Embed Pods Frameworks */,
				20F234EBAF51B924C43E10C4 /* [CP] Copy Pods Resources */,
			);
			buildRules = (
			);
			dependencies = (
				16258D061E5BD20F001E60E0 /* PBXTargetDependency */,
			);
			name = MDBSocialUITests;
			productName = MDBSocialUITests;
			productReference = 16258D041E5BD20F001E60E0 /* MDBSocialUITests.xctest */;
			productType = "com.apple.product-type.bundle.ui-testing";
		};
/* End PBXNativeTarget section */

/* Begin PBXProject section */
		16258CDD1E5BD20E001E60E0 /* Project object */ = {
			isa = PBXProject;
			attributes = {
				LastSwiftUpdateCheck = 0820;
				LastUpgradeCheck = 0820;
				ORGANIZATIONNAME = "Daniel Andrews";
				TargetAttributes = {
					16258CE41E5BD20E001E60E0 = {
						CreatedOnToolsVersion = 8.2.1;
						DevelopmentTeam = K5SQ49A4VN;
						ProvisioningStyle = Automatic;
					};
					16258CF81E5BD20F001E60E0 = {
						CreatedOnToolsVersion = 8.2.1;
						DevelopmentTeam = K5SQ49A4VN;
						ProvisioningStyle = Automatic;
						TestTargetID = 16258CE41E5BD20E001E60E0;
					};
					16258D031E5BD20F001E60E0 = {
						CreatedOnToolsVersion = 8.2.1;
						DevelopmentTeam = K5SQ49A4VN;
						ProvisioningStyle = Automatic;
						TestTargetID = 16258CE41E5BD20E001E60E0;
					};
				};
			};
			buildConfigurationList = 16258CE01E5BD20E001E60E0 /* Build configuration list for PBXProject "MDBSocial" */;
			compatibilityVersion = "Xcode 3.2";
			developmentRegion = English;
			hasScannedForEncodings = 0;
			knownRegions = (
				en,
				Base,
			);
			mainGroup = 16258CDC1E5BD20E001E60E0;
			productRefGroup = 16258CE61E5BD20F001E60E0 /* Products */;
			projectDirPath = "";
			projectRoot = "";
			targets = (
				16258CE41E5BD20E001E60E0 /* MDBSocial */,
				16258CF81E5BD20F001E60E0 /* MDBSocialTests */,
				16258D031E5BD20F001E60E0 /* MDBSocialUITests */,
			);
		};
/* End PBXProject section */

/* Begin PBXResourcesBuildPhase section */
		16258CE31E5BD20E001E60E0 /* Resources */ = {
			isa = PBXResourcesBuildPhase;
			buildActionMask = 2147483647;
			files = (
				16258CF31E5BD20F001E60E0 /* LaunchScreen.storyboard in Resources */,
				161585311E5BE7F7001D527D /* GoogleService-Info.plist in Resources */,
				16258CF01E5BD20F001E60E0 /* Assets.xcassets in Resources */,
				16258CEE1E5BD20F001E60E0 /* Main.storyboard in Resources */,
			);
			runOnlyForDeploymentPostprocessing = 0;
		};
		16258CF71E5BD20F001E60E0 /* Resources */ = {
			isa = PBXResourcesBuildPhase;
			buildActionMask = 2147483647;
			files = (
			);
			runOnlyForDeploymentPostprocessing = 0;
		};
		16258D021E5BD20F001E60E0 /* Resources */ = {
			isa = PBXResourcesBuildPhase;
			buildActionMask = 2147483647;
			files = (
			);
			runOnlyForDeploymentPostprocessing = 0;
		};
/* End PBXResourcesBuildPhase section */

/* Begin PBXShellScriptBuildPhase section */
		0F91CF787BF1D6036E8E9EBB /* [CP] Embed Pods Frameworks */ = {
			isa = PBXShellScriptBuildPhase;
			buildActionMask = 2147483647;
			files = (
			);
			inputPaths = (
			);
			name = "[CP] Embed Pods Frameworks";
			outputPaths = (
			);
			runOnlyForDeploymentPostprocessing = 0;
			shellPath = /bin/sh;
			shellScript = "\"${SRCROOT}/Pods/Target Support Files/Pods-MDBSocial/Pods-MDBSocial-frameworks.sh\"\n";
			showEnvVarsInLog = 0;
		};
		20F234EBAF51B924C43E10C4 /* [CP] Copy Pods Resources */ = {
			isa = PBXShellScriptBuildPhase;
			buildActionMask = 2147483647;
			files = (
			);
			inputPaths = (
			);
			name = "[CP] Copy Pods Resources";
			outputPaths = (
			);
			runOnlyForDeploymentPostprocessing = 0;
			shellPath = /bin/sh;
			shellScript = "\"${SRCROOT}/Pods/Target Support Files/Pods-MDBSocialUITests/Pods-MDBSocialUITests-resources.sh\"\n";
			showEnvVarsInLog = 0;
		};
		7F42609F24971B2B9EA70CCF /* [CP] Check Pods Manifest.lock */ = {
			isa = PBXShellScriptBuildPhase;
			buildActionMask = 2147483647;
			files = (
			);
			inputPaths = (
			);
			name = "[CP] Check Pods Manifest.lock";
			outputPaths = (
			);
			runOnlyForDeploymentPostprocessing = 0;
			shellPath = /bin/sh;
			shellScript = "diff \"${PODS_ROOT}/../Podfile.lock\" \"${PODS_ROOT}/Manifest.lock\" > /dev/null\nif [ $? != 0 ] ; then\n    # print error to STDERR\n    echo \"error: The sandbox is not in sync with the Podfile.lock. Run 'pod install' or update your CocoaPods installation.\" >&2\n    exit 1\nfi\n";
			showEnvVarsInLog = 0;
		};
		83BD1F75524C37656395BC46 /* [CP] Embed Pods Frameworks */ = {
			isa = PBXShellScriptBuildPhase;
			buildActionMask = 2147483647;
			files = (
			);
			inputPaths = (
			);
			name = "[CP] Embed Pods Frameworks";
			outputPaths = (
			);
			runOnlyForDeploymentPostprocessing = 0;
			shellPath = /bin/sh;
			shellScript = "\"${SRCROOT}/Pods/Target Support Files/Pods-MDBSocialTests/Pods-MDBSocialTests-frameworks.sh\"\n";
			showEnvVarsInLog = 0;
		};
		9E84303B75DF326E08E6D2C4 /* [CP] Check Pods Manifest.lock */ = {
			isa = PBXShellScriptBuildPhase;
			buildActionMask = 2147483647;
			files = (
			);
			inputPaths = (
			);
			name = "[CP] Check Pods Manifest.lock";
			outputPaths = (
			);
			runOnlyForDeploymentPostprocessing = 0;
			shellPath = /bin/sh;
			shellScript = "diff \"${PODS_ROOT}/../Podfile.lock\" \"${PODS_ROOT}/Manifest.lock\" > /dev/null\nif [ $? != 0 ] ; then\n    # print error to STDERR\n    echo \"error: The sandbox is not in sync with the Podfile.lock. Run 'pod install' or update your CocoaPods installation.\" >&2\n    exit 1\nfi\n";
			showEnvVarsInLog = 0;
		};
		AD13852D6890C065AA364457 /* [CP] Copy Pods Resources */ = {
			isa = PBXShellScriptBuildPhase;
			buildActionMask = 2147483647;
			files = (
			);
			inputPaths = (
			);
			name = "[CP] Copy Pods Resources";
			outputPaths = (
			);
			runOnlyForDeploymentPostprocessing = 0;
			shellPath = /bin/sh;
			shellScript = "\"${SRCROOT}/Pods/Target Support Files/Pods-MDBSocialTests/Pods-MDBSocialTests-resources.sh\"\n";
			showEnvVarsInLog = 0;
		};
		B8475E836AB9A792BC86B353 /* [CP] Copy Pods Resources */ = {
			isa = PBXShellScriptBuildPhase;
			buildActionMask = 2147483647;
			files = (
			);
			inputPaths = (
			);
			name = "[CP] Copy Pods Resources";
			outputPaths = (
			);
			runOnlyForDeploymentPostprocessing = 0;
			shellPath = /bin/sh;
			shellScript = "\"${SRCROOT}/Pods/Target Support Files/Pods-MDBSocial/Pods-MDBSocial-resources.sh\"\n";
			showEnvVarsInLog = 0;
		};
		B942E9730F237BDE2F81A2BF /* [CP] Embed Pods Frameworks */ = {
			isa = PBXShellScriptBuildPhase;
			buildActionMask = 2147483647;
			files = (
			);
			inputPaths = (
			);
			name = "[CP] Embed Pods Frameworks";
			outputPaths = (
			);
			runOnlyForDeploymentPostprocessing = 0;
			shellPath = /bin/sh;
			shellScript = "\"${SRCROOT}/Pods/Target Support Files/Pods-MDBSocialUITests/Pods-MDBSocialUITests-frameworks.sh\"\n";
			showEnvVarsInLog = 0;
		};
		C5CA8B5CD14F8EA54A2EB636 /* [CP] Check Pods Manifest.lock */ = {
			isa = PBXShellScriptBuildPhase;
			buildActionMask = 2147483647;
			files = (
			);
			inputPaths = (
			);
			name = "[CP] Check Pods Manifest.lock";
			outputPaths = (
			);
			runOnlyForDeploymentPostprocessing = 0;
			shellPath = /bin/sh;
			shellScript = "diff \"${PODS_ROOT}/../Podfile.lock\" \"${PODS_ROOT}/Manifest.lock\" > /dev/null\nif [ $? != 0 ] ; then\n    # print error to STDERR\n    echo \"error: The sandbox is not in sync with the Podfile.lock. Run 'pod install' or update your CocoaPods installation.\" >&2\n    exit 1\nfi\n";
			showEnvVarsInLog = 0;
		};
/* End PBXShellScriptBuildPhase section */

/* Begin PBXSourcesBuildPhase section */
		16258CE11E5BD20E001E60E0 /* Sources */ = {
			isa = PBXSourcesBuildPhase;
			buildActionMask = 2147483647;
			files = (
				168A75801E62288F0047D6D1 /* DetailViewController.swift in Sources */,
				168D3AE71E5D6F13000DE39A /* SignUpViewController.swift in Sources */,
				169FDDEC1E5BEDB60026592D /* LoginViewController.swift in Sources */,
				168A75851E62288F0047D6D1 /* User.swift in Sources */,
				168A75821E62288F0047D6D1 /* NewSocialViewController.swift in Sources */,
				168A75791E62281B0047D6D1 /* Constants.swift in Sources */,
				168A75841E62288F0047D6D1 /* Post.swift in Sources */,
				168A75831E62288F0047D6D1 /* Date.swift in Sources */,
				168A758B1E622E130047D6D1 /* PostCollectionViewCell.swift in Sources */,
				168A75811E62288F0047D6D1 /* FeedViewController.swift in Sources */,
				16258CE91E5BD20F001E60E0 /* AppDelegate.swift in Sources */,
			);
			runOnlyForDeploymentPostprocessing = 0;
		};
		16258CF51E5BD20F001E60E0 /* Sources */ = {
			isa = PBXSourcesBuildPhase;
			buildActionMask = 2147483647;
			files = (
				16258CFE1E5BD20F001E60E0 /* MDBSocialTests.swift in Sources */,
			);
			runOnlyForDeploymentPostprocessing = 0;
		};
		16258D001E5BD20F001E60E0 /* Sources */ = {
			isa = PBXSourcesBuildPhase;
			buildActionMask = 2147483647;
			files = (
				16258D091E5BD20F001E60E0 /* MDBSocialUITests.swift in Sources */,
			);
			runOnlyForDeploymentPostprocessing = 0;
		};
/* End PBXSourcesBuildPhase section */

/* Begin PBXTargetDependency section */
		16258CFB1E5BD20F001E60E0 /* PBXTargetDependency */ = {
			isa = PBXTargetDependency;
			target = 16258CE41E5BD20E001E60E0 /* MDBSocial */;
			targetProxy = 16258CFA1E5BD20F001E60E0 /* PBXContainerItemProxy */;
		};
		16258D061E5BD20F001E60E0 /* PBXTargetDependency */ = {
			isa = PBXTargetDependency;
			target = 16258CE41E5BD20E001E60E0 /* MDBSocial */;
			targetProxy = 16258D051E5BD20F001E60E0 /* PBXContainerItemProxy */;
		};
/* End PBXTargetDependency section */

/* Begin PBXVariantGroup section */
		16258CEC1E5BD20F001E60E0 /* Main.storyboard */ = {
			isa = PBXVariantGroup;
			children = (
				16258CED1E5BD20F001E60E0 /* Base */,
			);
			name = Main.storyboard;
			sourceTree = "<group>";
		};
		16258CF11E5BD20F001E60E0 /* LaunchScreen.storyboard */ = {
			isa = PBXVariantGroup;
			children = (
				16258CF21E5BD20F001E60E0 /* Base */,
			);
			name = LaunchScreen.storyboard;
			sourceTree = "<group>";
		};
/* End PBXVariantGroup section */

/* Begin XCBuildConfiguration section */
		16258D0B1E5BD20F001E60E0 /* Debug */ = {
			isa = XCBuildConfiguration;
			buildSettings = {
				ALWAYS_SEARCH_USER_PATHS = NO;
				CLANG_ANALYZER_NONNULL = YES;
				CLANG_CXX_LANGUAGE_STANDARD = "gnu++0x";
				CLANG_CXX_LIBRARY = "libc++";
				CLANG_ENABLE_MODULES = YES;
				CLANG_ENABLE_OBJC_ARC = YES;
				CLANG_WARN_BOOL_CONVERSION = YES;
				CLANG_WARN_CONSTANT_CONVERSION = YES;
				CLANG_WARN_DIRECT_OBJC_ISA_USAGE = YES_ERROR;
				CLANG_WARN_DOCUMENTATION_COMMENTS = YES;
				CLANG_WARN_EMPTY_BODY = YES;
				CLANG_WARN_ENUM_CONVERSION = YES;
				CLANG_WARN_INFINITE_RECURSION = YES;
				CLANG_WARN_INT_CONVERSION = YES;
				CLANG_WARN_OBJC_ROOT_CLASS = YES_ERROR;
				CLANG_WARN_SUSPICIOUS_MOVE = YES;
				CLANG_WARN_UNREACHABLE_CODE = YES;
				CLANG_WARN__DUPLICATE_METHOD_MATCH = YES;
				"CODE_SIGN_IDENTITY[sdk=iphoneos*]" = "iPhone Developer";
				COPY_PHASE_STRIP = NO;
				DEBUG_INFORMATION_FORMAT = dwarf;
				ENABLE_STRICT_OBJC_MSGSEND = YES;
				ENABLE_TESTABILITY = YES;
				GCC_C_LANGUAGE_STANDARD = gnu99;
				GCC_DYNAMIC_NO_PIC = NO;
				GCC_NO_COMMON_BLOCKS = YES;
				GCC_OPTIMIZATION_LEVEL = 0;
				GCC_PREPROCESSOR_DEFINITIONS = (
					"DEBUG=1",
					"$(inherited)",
				);
				GCC_WARN_64_TO_32_BIT_CONVERSION = YES;
				GCC_WARN_ABOUT_RETURN_TYPE = YES_ERROR;
				GCC_WARN_UNDECLARED_SELECTOR = YES;
				GCC_WARN_UNINITIALIZED_AUTOS = YES_AGGRESSIVE;
				GCC_WARN_UNUSED_FUNCTION = YES;
				GCC_WARN_UNUSED_VARIABLE = YES;
				IPHONEOS_DEPLOYMENT_TARGET = 10.2;
				MTL_ENABLE_DEBUG_INFO = YES;
				ONLY_ACTIVE_ARCH = YES;
				SDKROOT = iphoneos;
				SWIFT_ACTIVE_COMPILATION_CONDITIONS = DEBUG;
				SWIFT_OPTIMIZATION_LEVEL = "-Onone";
				TARGETED_DEVICE_FAMILY = "1,2";
			};
			name = Debug;
		};
		16258D0C1E5BD20F001E60E0 /* Release */ = {
			isa = XCBuildConfiguration;
			buildSettings = {
				ALWAYS_SEARCH_USER_PATHS = NO;
				CLANG_ANALYZER_NONNULL = YES;
				CLANG_CXX_LANGUAGE_STANDARD = "gnu++0x";
				CLANG_CXX_LIBRARY = "libc++";
				CLANG_ENABLE_MODULES = YES;
				CLANG_ENABLE_OBJC_ARC = YES;
				CLANG_WARN_BOOL_CONVERSION = YES;
				CLANG_WARN_CONSTANT_CONVERSION = YES;
				CLANG_WARN_DIRECT_OBJC_ISA_USAGE = YES_ERROR;
				CLANG_WARN_DOCUMENTATION_COMMENTS = YES;
				CLANG_WARN_EMPTY_BODY = YES;
				CLANG_WARN_ENUM_CONVERSION = YES;
				CLANG_WARN_INFINITE_RECURSION = YES;
				CLANG_WARN_INT_CONVERSION = YES;
				CLANG_WARN_OBJC_ROOT_CLASS = YES_ERROR;
				CLANG_WARN_SUSPICIOUS_MOVE = YES;
				CLANG_WARN_UNREACHABLE_CODE = YES;
				CLANG_WARN__DUPLICATE_METHOD_MATCH = YES;
				"CODE_SIGN_IDENTITY[sdk=iphoneos*]" = "iPhone Developer";
				COPY_PHASE_STRIP = NO;
				DEBUG_INFORMATION_FORMAT = "dwarf-with-dsym";
				ENABLE_NS_ASSERTIONS = NO;
				ENABLE_STRICT_OBJC_MSGSEND = YES;
				GCC_C_LANGUAGE_STANDARD = gnu99;
				GCC_NO_COMMON_BLOCKS = YES;
				GCC_WARN_64_TO_32_BIT_CONVERSION = YES;
				GCC_WARN_ABOUT_RETURN_TYPE = YES_ERROR;
				GCC_WARN_UNDECLARED_SELECTOR = YES;
				GCC_WARN_UNINITIALIZED_AUTOS = YES_AGGRESSIVE;
				GCC_WARN_UNUSED_FUNCTION = YES;
				GCC_WARN_UNUSED_VARIABLE = YES;
				IPHONEOS_DEPLOYMENT_TARGET = 10.2;
				MTL_ENABLE_DEBUG_INFO = NO;
				SDKROOT = iphoneos;
				SWIFT_OPTIMIZATION_LEVEL = "-Owholemodule";
				TARGETED_DEVICE_FAMILY = "1,2";
				VALIDATE_PRODUCT = YES;
			};
			name = Release;
		};
		16258D0E1E5BD20F001E60E0 /* Debug */ = {
			isa = XCBuildConfiguration;
			baseConfigurationReference = 098E363165BFAC9A5DEBA5A6 /* Pods-MDBSocial.debug.xcconfig */;
			buildSettings = {
				ASSETCATALOG_COMPILER_APPICON_NAME = AppIcon;
				DEVELOPMENT_TEAM = K5SQ49A4VN;
				INFOPLIST_FILE = MDBSocial/Info.plist;
				LD_RUNPATH_SEARCH_PATHS = "$(inherited) @executable_path/Frameworks";
				PRODUCT_BUNDLE_IDENTIFIER = com.daniel.mdb.MDBSocial;
				PRODUCT_NAME = "$(TARGET_NAME)";
				SWIFT_VERSION = 3.0;
			};
			name = Debug;
		};
		16258D0F1E5BD20F001E60E0 /* Release */ = {
			isa = XCBuildConfiguration;
			baseConfigurationReference = E6F5C3C2C81EF15741BF6088 /* Pods-MDBSocial.release.xcconfig */;
			buildSettings = {
				ASSETCATALOG_COMPILER_APPICON_NAME = AppIcon;
				DEVELOPMENT_TEAM = K5SQ49A4VN;
				INFOPLIST_FILE = MDBSocial/Info.plist;
				LD_RUNPATH_SEARCH_PATHS = "$(inherited) @executable_path/Frameworks";
				PRODUCT_BUNDLE_IDENTIFIER = com.daniel.mdb.MDBSocial;
				PRODUCT_NAME = "$(TARGET_NAME)";
				SWIFT_VERSION = 3.0;
			};
			name = Release;
		};
		16258D111E5BD20F001E60E0 /* Debug */ = {
			isa = XCBuildConfiguration;
			baseConfigurationReference = 5D70A9689A352BC0F3D43FD7 /* Pods-MDBSocialTests.debug.xcconfig */;
			buildSettings = {
				ALWAYS_EMBED_SWIFT_STANDARD_LIBRARIES = YES;
				BUNDLE_LOADER = "$(TEST_HOST)";
				DEVELOPMENT_TEAM = K5SQ49A4VN;
				INFOPLIST_FILE = MDBSocialTests/Info.plist;
				LD_RUNPATH_SEARCH_PATHS = "$(inherited) @executable_path/Frameworks @loader_path/Frameworks";
				PRODUCT_BUNDLE_IDENTIFIER = com.daniel.mdb.MDBSocialTests;
				PRODUCT_NAME = "$(TARGET_NAME)";
				SWIFT_VERSION = 3.0;
				TEST_HOST = "$(BUILT_PRODUCTS_DIR)/MDBSocial.app/MDBSocial";
			};
			name = Debug;
		};
		16258D121E5BD20F001E60E0 /* Release */ = {
			isa = XCBuildConfiguration;
			baseConfigurationReference = C4BE5FE01E3133A084C1B912 /* Pods-MDBSocialTests.release.xcconfig */;
			buildSettings = {
				ALWAYS_EMBED_SWIFT_STANDARD_LIBRARIES = YES;
				BUNDLE_LOADER = "$(TEST_HOST)";
				DEVELOPMENT_TEAM = K5SQ49A4VN;
				INFOPLIST_FILE = MDBSocialTests/Info.plist;
				LD_RUNPATH_SEARCH_PATHS = "$(inherited) @executable_path/Frameworks @loader_path/Frameworks";
				PRODUCT_BUNDLE_IDENTIFIER = com.daniel.mdb.MDBSocialTests;
				PRODUCT_NAME = "$(TARGET_NAME)";
				SWIFT_VERSION = 3.0;
				TEST_HOST = "$(BUILT_PRODUCTS_DIR)/MDBSocial.app/MDBSocial";
			};
			name = Release;
		};
		16258D141E5BD20F001E60E0 /* Debug */ = {
			isa = XCBuildConfiguration;
			baseConfigurationReference = 83C4F604A5A1600A1CE6A963 /* Pods-MDBSocialUITests.debug.xcconfig */;
			buildSettings = {
				ALWAYS_EMBED_SWIFT_STANDARD_LIBRARIES = YES;
				DEVELOPMENT_TEAM = K5SQ49A4VN;
				INFOPLIST_FILE = MDBSocialUITests/Info.plist;
				LD_RUNPATH_SEARCH_PATHS = "$(inherited) @executable_path/Frameworks @loader_path/Frameworks";
				PRODUCT_BUNDLE_IDENTIFIER = com.daniel.mdb.MDBSocialUITests;
				PRODUCT_NAME = "$(TARGET_NAME)";
				SWIFT_VERSION = 3.0;
				TEST_TARGET_NAME = MDBSocial;
			};
			name = Debug;
		};
		16258D151E5BD20F001E60E0 /* Release */ = {
			isa = XCBuildConfiguration;
			baseConfigurationReference = 945059512106E9C387471566 /* Pods-MDBSocialUITests.release.xcconfig */;
			buildSettings = {
				ALWAYS_EMBED_SWIFT_STANDARD_LIBRARIES = YES;
				DEVELOPMENT_TEAM = K5SQ49A4VN;
				INFOPLIST_FILE = MDBSocialUITests/Info.plist;
				LD_RUNPATH_SEARCH_PATHS = "$(inherited) @executable_path/Frameworks @loader_path/Frameworks";
				PRODUCT_BUNDLE_IDENTIFIER = com.daniel.mdb.MDBSocialUITests;
				PRODUCT_NAME = "$(TARGET_NAME)";
				SWIFT_VERSION = 3.0;
				TEST_TARGET_NAME = MDBSocial;
			};
			name = Release;
		};
/* End XCBuildConfiguration section */

/* Begin XCConfigurationList section */
		16258CE01E5BD20E001E60E0 /* Build configuration list for PBXProject "MDBSocial" */ = {
			isa = XCConfigurationList;
			buildConfigurations = (
				16258D0B1E5BD20F001E60E0 /* Debug */,
				16258D0C1E5BD20F001E60E0 /* Release */,
			);
			defaultConfigurationIsVisible = 0;
			defaultConfigurationName = Release;
		};
		16258D0D1E5BD20F001E60E0 /* Build configuration list for PBXNativeTarget "MDBSocial" */ = {
			isa = XCConfigurationList;
			buildConfigurations = (
				16258D0E1E5BD20F001E60E0 /* Debug */,
				16258D0F1E5BD20F001E60E0 /* Release */,
			);
			defaultConfigurationIsVisible = 0;
			defaultConfigurationName = Release;
		};
		16258D101E5BD20F001E60E0 /* Build configuration list for PBXNativeTarget "MDBSocialTests" */ = {
			isa = XCConfigurationList;
			buildConfigurations = (
				16258D111E5BD20F001E60E0 /* Debug */,
				16258D121E5BD20F001E60E0 /* Release */,
			);
			defaultConfigurationIsVisible = 0;
			defaultConfigurationName = Release;
		};
		16258D131E5BD20F001E60E0 /* Build configuration list for PBXNativeTarget "MDBSocialUITests" */ = {
			isa = XCConfigurationList;
			buildConfigurations = (
				16258D141E5BD20F001E60E0 /* Debug */,
				16258D151E5BD20F001E60E0 /* Release */,
			);
			defaultConfigurationIsVisible = 0;
			defaultConfigurationName = Release;
		};
/* End XCConfigurationList section */
	};
	rootObject = 16258CDD1E5BD20E001E60E0 /* Project object */;
}
